
Microsoft Visual Studio Solution File, Format Version 12.00
# Visual Studio 15
VisualStudioVersion = 15.0.27428.2002
MinimumVisualStudioVersion = 10.0.40219.1
Project("{9A19103F-16F7-4668-BE54-9A1E7A4F7556}") = "User.API", "User.API\User.API.csproj", "{8B20BB52-B860-4AD2-B6EB-1184256706CC}"
EndProject
Project("{2150E333-8FDC-42A3-9474-1A3956D46DE8}") = "Test", "Test", "{9399D74D-B3B2-4D5C-BAF4-8715DA038F4C}"
EndProject
Project("{9A19103F-16F7-4668-BE54-9A1E7A4F7556}") = "User.API.UnitTests", "User.API.UnitTests\User.API.UnitTests.csproj", "{7C3465DD-0CB7-4BB4-8540-73CDC5EA359C}"
EndProject
Project("{9A19103F-16F7-4668-BE54-9A1E7A4F7556}") = "User.Identity", "User.Identity\User.Identity.csproj", "{9637D28F-7C35-41E4-AC80-580FA00678EF}"
EndProject
Project("{9A19103F-16F7-4668-BE54-9A1E7A4F7556}") = "Client", "Client\Client.csproj", "{B301F233-56A9-451D-834B-6F6C6F65F1D0}"
EndProject
Project("{9A19103F-16F7-4668-BE54-9A1E7A4F7556}") = "Contact.API", "Contact.API\Contact.API.csproj", "{32707A21-BCDB-4A54-A509-803E793B1511}"
EndProject
Project("{9A19103F-16F7-4668-BE54-9A1E7A4F7556}") = "TestCach", "TestCach\TestCach.csproj", "{869BCA18-775B-4698-99AD-61F98D4B9C9A}"
EndProject
Project("{9A19103F-16F7-4668-BE54-9A1E7A4F7556}") = "Gateway.API", "Gateway.API\Gateway.API.csproj", "{705E3ED5-5BBE-465C-8AD8-391AA6F857FF}"
EndProject
Project("{2150E333-8FDC-42A3-9474-1A3956D46DE8}") = "BuildingBlocks", "BuildingBlocks", "{7C5E900A-0911-4F0D-9C28-3B329508B65A}"
EndProject
Project("{9A19103F-16F7-4668-BE54-9A1E7A4F7556}") = "Resilience", "Resilience\Resilience.csproj", "{82BFCB37-25FD-4952-807E-86E97534FCB6}"
EndProject
Project("{2150E333-8FDC-42A3-9474-1A3956D46DE8}") = "Project", "Project", "{A821134E-20B8-4817-843D-78FBE4095BD2}"
EndProject
Project("{9A19103F-16F7-4668-BE54-9A1E7A4F7556}") = "Project.API", "Project.API\Project.API.csproj", "{C1F43DEE-7E3D-40DB-B812-B18C3256ED14}"
EndProject
Project("{9A19103F-16F7-4668-BE54-9A1E7A4F7556}") = "Project.Domain", "Project.Domain\Project.Domain.csproj", "{F03C030C-DFD0-4CFD-BBD4-1FC70851A07E}"
EndProject
Project("{9A19103F-16F7-4668-BE54-9A1E7A4F7556}") = "Project.Infrastructure", "Project.Infrastructure\Project.Infrastructure.csproj", "{381F73CA-B739-4AAC-9F2D-1F3EE981F332}"
EndProject
Project("{2150E333-8FDC-42A3-9474-1A3956D46DE8}") = "Recommend", "Recommend", "{E0C02F1E-F4A6-4789-9484-35D712D21E5C}"
EndProject
Project("{FAE04EC0-301F-11D3-BF4B-00C04F79EFBC}") = "ReCommend.API", "ReCommand.API\ReCommend.API.csproj", "{230177F2-C17A-41EC-B068-967E31CBB87C}"
EndProject
Global
	GlobalSection(SolutionConfigurationPlatforms) = preSolution
		Debug|Any CPU = Debug|Any CPU
		Release|Any CPU = Release|Any CPU
	EndGlobalSection
	GlobalSection(ProjectConfigurationPlatforms) = postSolution
		{8B20BB52-B860-4AD2-B6EB-1184256706CC}.Debug|Any CPU.ActiveCfg = Debug|Any CPU
		{8B20BB52-B860-4AD2-B6EB-1184256706CC}.Debug|Any CPU.Build.0 = Debug|Any CPU
		{8B20BB52-B860-4AD2-B6EB-1184256706CC}.Release|Any CPU.ActiveCfg = Release|Any CPU
		{8B20BB52-B860-4AD2-B6EB-1184256706CC}.Release|Any CPU.Build.0 = Release|Any CPU
		{7C3465DD-0CB7-4BB4-8540-73CDC5EA359C}.Debug|Any CPU.ActiveCfg = Debug|Any CPU
		{7C3465DD-0CB7-4BB4-8540-73CDC5EA359C}.Debug|Any CPU.Build.0 = Debug|Any CPU
		{7C3465DD-0CB7-4BB4-8540-73CDC5EA359C}.Release|Any CPU.ActiveCfg = Release|Any CPU
		{7C3465DD-0CB7-4BB4-8540-73CDC5EA359C}.Release|Any CPU.Build.0 = Release|Any CPU
		{9637D28F-7C35-41E4-AC80-580FA00678EF}.Debug|Any CPU.ActiveCfg = Debug|Any CPU
		{9637D28F-7C35-41E4-AC80-580FA00678EF}.Debug|Any CPU.Build.0 = Debug|Any CPU
		{9637D28F-7C35-41E4-AC80-580FA00678EF}.Release|Any CPU.ActiveCfg = Release|Any CPU
		{9637D28F-7C35-41E4-AC80-580FA00678EF}.Release|Any CPU.Build.0 = Release|Any CPU
		{B301F233-56A9-451D-834B-6F6C6F65F1D0}.Debug|Any CPU.ActiveCfg = Debug|Any CPU
		{B301F233-56A9-451D-834B-6F6C6F65F1D0}.Debug|Any CPU.Build.0 = Debug|Any CPU
		{B301F233-56A9-451D-834B-6F6C6F65F1D0}.Release|Any CPU.ActiveCfg = Release|Any CPU
		{B301F233-56A9-451D-834B-6F6C6F65F1D0}.Release|Any CPU.Build.0 = Release|Any CPU
		{32707A21-BCDB-4A54-A509-803E793B1511}.Debug|Any CPU.ActiveCfg = Debug|Any CPU
		{32707A21-BCDB-4A54-A509-803E793B1511}.Debug|Any CPU.Build.0 = Debug|Any CPU
		{32707A21-BCDB-4A54-A509-803E793B1511}.Release|Any CPU.ActiveCfg = Release|Any CPU
		{32707A21-BCDB-4A54-A509-803E793B1511}.Release|Any CPU.Build.0 = Release|Any CPU
		{869BCA18-775B-4698-99AD-61F98D4B9C9A}.Debug|Any CPU.ActiveCfg = Debug|Any CPU
		{869BCA18-775B-4698-99AD-61F98D4B9C9A}.Debug|Any CPU.Build.0 = Debug|Any CPU
		{869BCA18-775B-4698-99AD-61F98D4B9C9A}.Release|Any CPU.ActiveCfg = Release|Any CPU
		{869BCA18-775B-4698-99AD-61F98D4B9C9A}.Release|Any CPU.Build.0 = Release|Any CPU
		{705E3ED5-5BBE-465C-8AD8-391AA6F857FF}.Debug|Any CPU.ActiveCfg = Debug|Any CPU
		{705E3ED5-5BBE-465C-8AD8-391AA6F857FF}.Debug|Any CPU.Build.0 = Debug|Any CPU
		{705E3ED5-5BBE-465C-8AD8-391AA6F857FF}.Release|Any CPU.ActiveCfg = Release|Any CPU
		{705E3ED5-5BBE-465C-8AD8-391AA6F857FF}.Release|Any CPU.Build.0 = Release|Any CPU
		{82BFCB37-25FD-4952-807E-86E97534FCB6}.Debug|Any CPU.ActiveCfg = Debug|Any CPU
		{82BFCB37-25FD-4952-807E-86E97534FCB6}.Debug|Any CPU.Build.0 = Debug|Any CPU
		{82BFCB37-25FD-4952-807E-86E97534FCB6}.Release|Any CPU.ActiveCfg = Release|Any CPU
		{82BFCB37-25FD-4952-807E-86E97534FCB6}.Release|Any CPU.Build.0 = Release|Any CPU
		{C1F43DEE-7E3D-40DB-B812-B18C3256ED14}.Debug|Any CPU.ActiveCfg = Debug|Any CPU
		{C1F43DEE-7E3D-40DB-B812-B18C3256ED14}.Debug|Any CPU.Build.0 = Debug|Any CPU
		{C1F43DEE-7E3D-40DB-B812-B18C3256ED14}.Release|Any CPU.ActiveCfg = Release|Any CPU
		{C1F43DEE-7E3D-40DB-B812-B18C3256ED14}.Release|Any CPU.Build.0 = Release|Any CPU
		{F03C030C-DFD0-4CFD-BBD4-1FC70851A07E}.Debug|Any CPU.ActiveCfg = Debug|Any CPU
		{F03C030C-DFD0-4CFD-BBD4-1FC70851A07E}.Debug|Any CPU.Build.0 = Debug|Any CPU
		{F03C030C-DFD0-4CFD-BBD4-1FC70851A07E}.Release|Any CPU.ActiveCfg = Release|Any CPU
		{F03C030C-DFD0-4CFD-BBD4-1FC70851A07E}.Release|Any CPU.Build.0 = Release|Any CPU
		{381F73CA-B739-4AAC-9F2D-1F3EE981F332}.Debug|Any CPU.ActiveCfg = Debug|Any CPU
		{381F73CA-B739-4AAC-9F2D-1F3EE981F332}.Debug|Any CPU.Build.0 = Debug|Any CPU
		{381F73CA-B739-4AAC-9F2D-1F3EE981F332}.Release|Any CPU.ActiveCfg = Release|Any CPU
		{381F73CA-B739-4AAC-9F2D-1F3EE981F332}.Release|Any CPU.Build.0 = Release|Any CPU
		{230177F2-C17A-41EC-B068-967E31CBB87C}.Debug|Any CPU.ActiveCfg = Debug|Any CPU
		{230177F2-C17A-41EC-B068-967E31CBB87C}.Debug|Any CPU.Build.0 = Debug|Any CPU
		{230177F2-C17A-41EC-B068-967E31CBB87C}.Release|Any CPU.ActiveCfg = Release|Any CPU
		{230177F2-C17A-41EC-B068-967E31CBB87C}.Release|Any CPU.Build.0 = Release|Any CPU
	EndGlobalSection
	GlobalSection(SolutionProperties) = preSolution
		HideSolutionNode = FALSE
	EndGlobalSection
	GlobalSection(NestedProjects) = preSolution
		{7C3465DD-0CB7-4BB4-8540-73CDC5EA359C} = {9399D74D-B3B2-4D5C-BAF4-8715DA038F4C}
		{82BFCB37-25FD-4952-807E-86E97534FCB6} = {7C5E900A-0911-4F0D-9C28-3B329508B65A}
		{C1F43DEE-7E3D-40DB-B812-B18C3256ED14} = {A821134E-20B8-4817-843D-78FBE4095BD2}
		{F03C030C-DFD0-4CFD-BBD4-1FC70851A07E} = {A821134E-20B8-4817-843D-78FBE4095BD2}
		{381F73CA-B739-4AAC-9F2D-1F3EE981F332} = {A821134E-20B8-4817-843D-78FBE4095BD2}
		{230177F2-C17A-41EC-B068-967E31CBB87C} = {E0C02F1E-F4A6-4789-9484-35D712D21E5C}
	EndGlobalSection
	GlobalSection(ExtensibilityGlobals) = postSolution
		SolutionGuid = {0D01B93A-76E3-4703-B58B-47FE443BC88F}
	EndGlobalSection
EndGlobal
